
Microsoft Visual Studio Solution File, Format Version 12.00
# Visual Studio Version 17
VisualStudioVersion = 17.0.31717.71
MinimumVisualStudioVersion = 10.0.40219.1
Project("{9A19103F-16F7-4668-BE54-9A1E7A4F7556}") = "DisneyMudApp", "DisneyMudApp.csproj", "{54BCB475-916A-4E93-917A-1CD186F8C7ED}"
EndProject
Global
	GlobalSection(SolutionConfigurationPlatforms) = preSolution
		Debug|Any CPU = Debug|Any CPU
		Release|Any CPU = Release|Any CPU
	EndGlobalSection
	GlobalSection(ProjectConfigurationPlatforms) = postSolution
		{54BCB475-916A-4E93-917A-1CD186F8C7ED}.Debug|Any CPU.ActiveCfg = Debug|Any CPU
		{54BCB475-916A-4E93-917A-1CD186F8C7ED}.Debug|Any CPU.Build.0 = Debug|Any CPU
		{54BCB475-916A-4E93-917A-1CD186F8C7ED}.Release|Any CPU.ActiveCfg = Release|Any CPU
		{54BCB475-916A-4E93-917A-1CD186F8C7ED}.Release|Any CPU.Build.0 = Release|Any CPU
	EndGlobalSection
	GlobalSection(SolutionProperties) = preSolution
		HideSolutionNode = FALSE
	EndGlobalSection
	GlobalSection(ExtensibilityGlobals) = postSolution
		SolutionGuid = {9B2718C9-4FB7-4AC5-9F75-438A863DE1F2}
	EndGlobalSection
EndGlobal